
Microsoft Visual Studio Solution File, Format Version 12.00
# Visual Studio Version 17
VisualStudioVersion = 17.7.34024.191
MinimumVisualStudioVersion = 10.0.40219.1
Project("{FAE04EC0-301F-11D3-BF4B-00C04F79EFBC}") = "ConsoleApp6", "ConsoleApp6\ConsoleApp6.csproj", "{A89377AB-A46E-4C0F-952B-CD0060DEEF52}"
EndProject
Global
	GlobalSection(SolutionConfigurationPlatforms) = preSolution
		Debug|Any CPU = Debug|Any CPU
		Release|Any CPU = Release|Any CPU
	EndGlobalSection
	GlobalSection(ProjectConfigurationPlatforms) = postSolution
		{A89377AB-A46E-4C0F-952B-CD0060DEEF52}.Debug|Any CPU.ActiveCfg = Debug|Any CPU
		{A89377AB-A46E-4C0F-952B-CD0060DEEF52}.Debug|Any CPU.Build.0 = Debug|Any CPU
		{A89377AB-A46E-4C0F-952B-CD0060DEEF52}.Release|Any CPU.ActiveCfg = Release|Any CPU
		{A89377AB-A46E-4C0F-952B-CD0060DEEF52}.Release|Any CPU.Build.0 = Release|Any CPU
	EndGlobalSection
	GlobalSection(SolutionProperties) = preSolution
		HideSolutionNode = FALSE
	EndGlobalSection
	GlobalSection(ExtensibilityGlobals) = postSolution
		SolutionGuid = {22D294B6-BFE0-4DE6-BEED-3C4319D5A7F8}
	EndGlobalSection
EndGlobal
